golang.org/x/crypto v0.11.0 h1:6Ewdq3tDic1mg5xRO4milcWCfMVQhI4NkqWWvqejpuA=
golang.org/x/crypto v0.11.0/go.mod h1:xgJhtzW8F9jGdVFWZESrid1U1bjeNy4zgy5cRr/CIio=
golang.org/x/sys v0.10.0 h1:SqMFp9UcQJZa+pmYuAKjd9xq1f0j5rLcDIk0mj4qAsA=
golang.org/x/sys v0.10.0/go.mod h1:oPkhp1MJrh7nUepCBck5+mAzfO9JrbApNNgaTdGDITg=
paepcke.de/airloctag v0.1.22 h1:0RN35ujoG0+RyUrdmn7c4DCKEc6yz+gCMY4URIfZb8I=
paepcke.de/airloctag v0.1.22/go.mod h1:m/yf9n0tF4oJ2dST74PIrOx+bY9Fmlq5s+ChB64CPrk=
paepcke.de/daylight v0.1.23 h1:MBJJEigePZCP8JLYVLipVmbAkncwmk2uCHJoKn3bRcA=
paepcke.de/daylight v0.1.23/go.mod h1:QaOOecAt95lswqM5gHs3DfD6juj61tVu4FBUrHtfTNo=
