golang.org/x/crypto v0.9.0 h1:LF6fAI+IutBocDJ2OT0Q1g8plpYljMZ4+lty+dsqw3g=
golang.org/x/crypto v0.9.0/go.mod h1:yrmDGqONDYtNj3tH8X9dzUun2m2lzPa9ngI6/RUPGR0=
golang.org/x/sys v0.8.0 h1:EBmGv8NaZBZTWvrbjNoL6HVt+IVy3QDQpJs7VRIw3tU=
golang.org/x/sys v0.8.0/go.mod h1:oPkhp1MJrh7nUepCBck5+mAzfO9JrbApNNgaTdGDITg=
paepcke.de/airloctag v0.1.16 h1:TZgJOe036F+hbmalACPu+JkoJJcjZCH2inesiQ87NMY=
paepcke.de/airloctag v0.1.16/go.mod h1:flRdRSRaVf1fL9n+Lk5xfqu3YQatJATjtZG/oPz1P9Q=
paepcke.de/daylight v0.1.17 h1:zDTOy5g1vn2slcfqKuspn0qPd3vXX+coQQqpLyNRhoU=
paepcke.de/daylight v0.1.17/go.mod h1:m26mY9DkjUfjLqxS31BsyGuEl8zMwEo6uFfRaxNSfck=
