golang.org/x/crypto v0.4.0 h1:UVQgzMY87xqpKNgb+kDsll2Igd33HszWHFLmpaRMq/8=
golang.org/x/crypto v0.4.0/go.mod h1:3quD/ATkf6oY+rnes5c3ExXTbLc8mueNue5/DoinL80=
golang.org/x/sys v0.3.0 h1:w8ZOecv6NaNa/zC8944JTU3vz4u6Lagfk4RPQxv92NQ=
golang.org/x/sys v0.3.0/go.mod h1:oPkhp1MJrh7nUepCBck5+mAzfO9JrbApNNgaTdGDITg=
paepcke.de/airloctag v0.1.0 h1:CJGX9CsRCtVeAQxgmhZJcFwlmjX5ooC9m2bhmDJcn+g=
paepcke.de/airloctag v0.1.0/go.mod h1:E5ls+pBR6UfzeJOFZtx1Dfh3wukS2h/sY8nVfyvCNj4=
paepcke.de/daylight v0.1.0 h1:1YET2dPlpGXdl4St8Wm0Uj8+gVB1bT/Q+mMO6P5o6hI=
paepcke.de/daylight v0.1.0/go.mod h1:/aDd8CScH4YKRTRQ9t0nFmKgawvgo2SaMqFSpsSePcI=
